<?xml version="1.0" encoding="utf-8"?>
<Project ToolsVersion="4.0" xmlns="http://schemas.microsoft.com/developer/msbuild/2003">
  <ItemGroup>
    <Filter Include="Src">
      <UniqueIdentifier>{04a44a4e-b2e1-4275-aae0-1d534c58eb77}</UniqueIdentifier>
    </Filter>
    <Filter Include="Src\소스 파일">
      <UniqueIdentifier>{4FC737F1-C7A5-4376-A066-2A32D752A2FF}</UniqueIdentifier>
      <Extensions>cpp;c;cc;cxx;def;odl;idl;hpj;bat;asm;asmx</Extensions>
    </Filter>
    <Filter Include="Src\헤더 파일">
      <UniqueIdentifier>{93995380-89BD-4b04-88EB-625FBE52EBFB}</UniqueIdentifier>
      <Extensions>h;hpp;hxx;hm;inl;inc;xsd</Extensions>
    </Filter>
    <Filter Include="Src\ui">
      <UniqueIdentifier>{dd306d90-35ab-48a2-8155-ae6c48ca90ac}</UniqueIdentifier>
    </Filter>
    <Filter Include="Src\Control">
      <UniqueIdentifier>{296134f8-63a0-4f5f-97df-290a73ebce4f}</UniqueIdentifier>
    </Filter>
    <Filter Include="Src\visualizer">
      <UniqueIdentifier>{b33e7d87-bc07-404a-b165-a74dc8145041}</UniqueIdentifier>
    </Filter>
    <Filter Include="Src\dia">
      <UniqueIdentifier>{6b3aea34-e4a5-4662-bbbb-e28280778d81}</UniqueIdentifier>
    </Filter>
    <Filter Include="Src\memory">
      <UniqueIdentifier>{a6f8e518-28bc-46cf-af4d-9c1b85125ec5}</UniqueIdentifier>
    </Filter>
  </ItemGroup>
  <ItemGroup>
    <ClInclude Include="stdafx.h">
      <Filter>Src\헤더 파일</Filter>
    </ClInclude>
    <ClInclude Include="targetver.h">
      <Filter>Src\헤더 파일</Filter>
    </ClInclude>
    <ClInclude Include="wxMemMonitor.h" />
    <ClInclude Include="UI\Frame.h">
      <Filter>Src\ui</Filter>
    </ClInclude>
    <ClInclude Include="UI\MemoryTree.h">
      <Filter>Src\ui</Filter>
    </ClInclude>
    <ClInclude Include="UI\LogWindow.h">
      <Filter>Src\ui</Filter>
    </ClInclude>
    <ClInclude Include="UI\PropertyWindow.h">
      <Filter>Src\ui</Filter>
    </ClInclude>
    <ClInclude Include="visualizer\VisualizerDefine.h">
      <Filter>Src\visualizer</Filter>
    </ClInclude>
    <ClInclude Include="visualizer\VisualizerGlobal.h">
      <Filter>Src\visualizer</Filter>
    </ClInclude>
    <ClInclude Include="visualizer\VisualizerParser.h">
      <Filter>Src\visualizer</Filter>
    </ClInclude>
    <ClInclude Include="visualizer\VisualizerScanner.h">
      <Filter>Src\visualizer</Filter>
    </ClInclude>
    <ClInclude Include="visualizer\DefaultPropertyMaker.h">
      <Filter>Src\visualizer</Filter>
    </ClInclude>
    <ClInclude Include="dia\DiaWrapper.h">
      <Filter>Src\dia</Filter>
    </ClInclude>
    <ClInclude Include="visualizer\PropertyMaker.h">
      <Filter>Src\visualizer</Filter>
    </ClInclude>
    <ClInclude Include="Control\Global.h">
      <Filter>Src\Control</Filter>
    </ClInclude>
    <ClInclude Include="UI\PropertyItemAdapter.h">
      <Filter>Src\ui</Filter>
    </ClInclude>
  </ItemGroup>
  <ItemGroup>
    <ClCompile Include="stdafx.cpp">
      <Filter>Src\소스 파일</Filter>
    </ClCompile>
    <ClCompile Include="UI\App.cpp">
      <Filter>Src\ui</Filter>
    </ClCompile>
    <ClCompile Include="UI\Frame.cpp">
      <Filter>Src\ui</Filter>
    </ClCompile>
    <ClCompile Include="Control\wxMemMonitor.cpp">
      <Filter>Src\Control</Filter>
    </ClCompile>
    <ClCompile Include="UI\MemoryTree.cpp">
      <Filter>Src\ui</Filter>
    </ClCompile>
    <ClCompile Include="UI\LogWindow.cpp">
      <Filter>Src\ui</Filter>
    </ClCompile>
    <ClCompile Include="UI\PropertyWindow.cpp">
      <Filter>Src\ui</Filter>
    </ClCompile>
    <ClCompile Include="visualizer\VisualizerDefine.cpp">
      <Filter>Src\visualizer</Filter>
    </ClCompile>
    <ClCompile Include="visualizer\VisualizerGlobal.cpp">
      <Filter>Src\visualizer</Filter>
    </ClCompile>
    <ClCompile Include="visualizer\VisualizerParser.cpp">
      <Filter>Src\visualizer</Filter>
    </ClCompile>
    <ClCompile Include="visualizer\VisualizerScanner.cpp">
      <Filter>Src\visualizer</Filter>
    </ClCompile>
    <ClCompile Include="visualizer\DefaultPropertyMaker.cpp">
      <Filter>Src\visualizer</Filter>
    </ClCompile>
    <ClCompile Include="dia\DiaWrapper.cpp">
      <Filter>Src\dia</Filter>
    </ClCompile>
    <ClCompile Include="visualizer\PropertyMaker.cpp">
      <Filter>Src\visualizer</Filter>
    </ClCompile>
    <ClCompile Include="Control\Global.cpp">
      <Filter>Src\Control</Filter>
    </ClCompile>
    <ClCompile Include="UI\PropertyItemAdapter.cpp">
      <Filter>Src\ui</Filter>
    </ClCompile>
    <ClCompile Include="memory\allocmemory.cpp">
      <Filter>Src\memory</Filter>
    </ClCompile>
  </ItemGroup>
</Project>