<?xml version="1.0" encoding="utf-8"?>
<Project ToolsVersion="4.0" xmlns="http://schemas.microsoft.com/developer/msbuild/2003">
  <ItemGroup>
    <Filter Include="Src">
      <UniqueIdentifier>{04a44a4e-b2e1-4275-aae0-1d534c58eb77}</UniqueIdentifier>
    </Filter>
    <Filter Include="Src\소스 파일">
      <UniqueIdentifier>{4FC737F1-C7A5-4376-A066-2A32D752A2FF}</UniqueIdentifier>
      <Extensions>cpp;c;cc;cxx;def;odl;idl;hpj;bat;asm;asmx</Extensions>
    </Filter>
    <Filter Include="Src\헤더 파일">
      <UniqueIdentifier>{93995380-89BD-4b04-88EB-625FBE52EBFB}</UniqueIdentifier>
      <Extensions>h;hpp;hxx;hm;inl;inc;xsd</Extensions>
    </Filter>
    <Filter Include="Src\ui">
      <UniqueIdentifier>{dd306d90-35ab-48a2-8155-ae6c48ca90ac}</UniqueIdentifier>
    </Filter>
    <Filter Include="Src\Control">
      <UniqueIdentifier>{296134f8-63a0-4f5f-97df-290a73ebce4f}</UniqueIdentifier>
    </Filter>
  </ItemGroup>
  <ItemGroup>
    <None Include="ReadMe.txt" />
  </ItemGroup>
  <ItemGroup>
    <ClInclude Include="stdafx.h">
      <Filter>Src\헤더 파일</Filter>
    </ClInclude>
    <ClInclude Include="targetver.h">
      <Filter>Src\헤더 파일</Filter>
    </ClInclude>
    <ClInclude Include="wxMemMonitor.h" />
    <ClInclude Include="UI\App.h">
      <Filter>Src\ui</Filter>
    </ClInclude>
    <ClInclude Include="UI\Frame.h">
      <Filter>Src\ui</Filter>
    </ClInclude>
  </ItemGroup>
  <ItemGroup>
    <ClCompile Include="stdafx.cpp">
      <Filter>Src\소스 파일</Filter>
    </ClCompile>
    <ClCompile Include="UI\App.cpp">
      <Filter>Src\ui</Filter>
    </ClCompile>
    <ClCompile Include="UI\Frame.cpp">
      <Filter>Src\ui</Filter>
    </ClCompile>
    <ClCompile Include="Control\wxMemMonitor.cpp">
      <Filter>Src\Control</Filter>
    </ClCompile>
  </ItemGroup>
</Project>