
Microsoft Visual Studio Solution File, Format Version 11.00
# Visual Studio 2010
Project("{8BC9CEB8-8B4A-11D0-8D11-00A0C91BC942}") = "Common", "Common\Common.vcxproj", "{F3998DC9-8441-45D0-A8F0-719C0A06C955}"
EndProject
Project("{8BC9CEB8-8B4A-11D0-8D11-00A0C91BC942}") = "wxMemMonitor", "wxMemMonitor\wxMemMonitor.vcxproj", "{85D2A85F-2C05-48E7-BEE9-EF95281537DF}"
EndProject
Project("{8BC9CEB8-8B4A-11D0-8D11-00A0C91BC942}") = "Target", "Target\Target.vcxproj", "{C303EB1E-1A2F-4534-9A5D-9E65AC6570B7}"
EndProject
Global
	GlobalSection(SolutionConfigurationPlatforms) = preSolution
		Debug|Win32 = Debug|Win32
		Release|Win32 = Release|Win32
	EndGlobalSection
	GlobalSection(ProjectConfigurationPlatforms) = postSolution
		{F3998DC9-8441-45D0-A8F0-719C0A06C955}.Debug|Win32.ActiveCfg = Debug|Win32
		{F3998DC9-8441-45D0-A8F0-719C0A06C955}.Debug|Win32.Build.0 = Debug|Win32
		{F3998DC9-8441-45D0-A8F0-719C0A06C955}.Release|Win32.ActiveCfg = Release|Win32
		{F3998DC9-8441-45D0-A8F0-719C0A06C955}.Release|Win32.Build.0 = Release|Win32
		{85D2A85F-2C05-48E7-BEE9-EF95281537DF}.Debug|Win32.ActiveCfg = Debug|Win32
		{85D2A85F-2C05-48E7-BEE9-EF95281537DF}.Debug|Win32.Build.0 = Debug|Win32
		{85D2A85F-2C05-48E7-BEE9-EF95281537DF}.Release|Win32.ActiveCfg = Release|Win32
		{85D2A85F-2C05-48E7-BEE9-EF95281537DF}.Release|Win32.Build.0 = Release|Win32
		{C303EB1E-1A2F-4534-9A5D-9E65AC6570B7}.Debug|Win32.ActiveCfg = Debug|Win32
		{C303EB1E-1A2F-4534-9A5D-9E65AC6570B7}.Debug|Win32.Build.0 = Debug|Win32
		{C303EB1E-1A2F-4534-9A5D-9E65AC6570B7}.Release|Win32.ActiveCfg = Release|Win32
		{C303EB1E-1A2F-4534-9A5D-9E65AC6570B7}.Release|Win32.Build.0 = Release|Win32
	EndGlobalSection
	GlobalSection(SolutionProperties) = preSolution
		HideSolutionNode = FALSE
	EndGlobalSection
EndGlobal
